<?xml version="1.0" encoding="utf-8"?>
<Project ToolsVersion="4.0" xmlns="http://schemas.microsoft.com/developer/msbuild/2003">
  <ItemGroup>
    <Filter Include="源文件">
      <UniqueIdentifier>{4FC737F1-C7A5-4376-A066-2A32D752A2FF}</UniqueIdentifier>
      <Extensions>cpp;c;cc;cxx;c++;cppm;ixx;def;odl;idl;hpj;bat;asm;asmx</Extensions>
    </Filter>
    <Filter Include="头文件">
      <UniqueIdentifier>{93995380-89BD-4b04-88EB-625FBE52EBFB}</UniqueIdentifier>
      <Extensions>h;hh;hpp;hxx;h++;hm;inl;inc;ipp;xsd</Extensions>
    </Filter>
    <Filter Include="资源文件">
      <UniqueIdentifier>{67DA6AB6-F800-4c08-8B7A-83BB121AAD01}</UniqueIdentifier>
      <Extensions>rc;ico;cur;bmp;dlg;rc2;rct;bin;rgs;gif;jpg;jpeg;jpe;resx;tiff;tif;png;wav;mfcribbon-ms</Extensions>
    </Filter>
    <Filter Include="头文件\ServerCommand">
      <UniqueIdentifier>{d4274098-cbcf-43a8-bec2-ff6dbf740895}</UniqueIdentifier>
    </Filter>
    <Filter Include="源文件\ServerCommand">
      <UniqueIdentifier>{7104247d-df37-4f19-8c01-a73003bcecfe}</UniqueIdentifier>
    </Filter>
    <Filter Include="头文件\Help">
      <UniqueIdentifier>{36de9d19-9c38-435e-b6cf-d5a19d800480}</UniqueIdentifier>
    </Filter>
    <Filter Include="头文件\Tools">
      <UniqueIdentifier>{9e2337e6-5cfc-49d0-9cf4-6bf36da65184}</UniqueIdentifier>
    </Filter>
    <Filter Include="源文件\Tools">
      <UniqueIdentifier>{0b18ce80-d267-490e-a522-2751e62f867f}</UniqueIdentifier>
    </Filter>
    <Filter Include="头文件\Page">
      <UniqueIdentifier>{5a7c67fb-0974-40a7-a808-a78c12f870ee}</UniqueIdentifier>
    </Filter>
    <Filter Include="源文件\Page">
      <UniqueIdentifier>{8c0c2db3-519e-4b1b-87e7-ec03db79ea42}</UniqueIdentifier>
    </Filter>
    <Filter Include="头文件\LambdaExpression">
      <UniqueIdentifier>{6f184d78-1e01-40e7-8955-22dae36384ae}</UniqueIdentifier>
    </Filter>
    <Filter Include="源文件\LambdaExpression">
      <UniqueIdentifier>{abd1dc64-0721-47fb-81d4-d1d99a78a3fd}</UniqueIdentifier>
    </Filter>
  </ItemGroup>
  <ItemGroup>
    <ClCompile Include="MainProgram.cpp">
      <Filter>源文件</Filter>
    </ClCompile>
    <ClCompile Include="registerServerCommand.cpp">
      <Filter>源文件\ServerCommand</Filter>
    </ClCompile>
    <ClCompile Include="ServerCommand.cpp">
      <Filter>源文件\ServerCommand</Filter>
    </ClCompile>
    <ClCompile Include="ServerCommandRegister.cpp">
      <Filter>源文件\ServerCommand</Filter>
    </ClCompile>
    <ClCompile Include="FolderCheck.cpp">
      <Filter>源文件\Tools</Filter>
    </ClCompile>
    <ClCompile Include="FileCheck.cpp">
      <Filter>源文件\Tools</Filter>
    </ClCompile>
    <ClCompile Include="FileFind.cpp">
      <Filter>源文件\Tools</Filter>
    </ClCompile>
    <ClCompile Include="HomePage.cpp">
      <Filter>源文件\Page</Filter>
    </ClCompile>
    <ClCompile Include="Initialization.cpp">
      <Filter>源文件\Tools</Filter>
    </ClCompile>
    <ClCompile Include="FilesFoldersPosition.cpp">
      <Filter>源文件\Tools</Filter>
    </ClCompile>
    <ClCompile Include="getTime.cpp">
      <Filter>源文件\Tools</Filter>
    </ClCompile>
  </ItemGroup>
  <ItemGroup>
    <ClInclude Include="registerServerCommand.h">
      <Filter>头文件\ServerCommand</Filter>
    </ClInclude>
    <ClInclude Include="ServerCommand.h">
      <Filter>头文件\ServerCommand</Filter>
    </ClInclude>
    <ClInclude Include="ServerCommandRegister.h">
      <Filter>头文件\ServerCommand</Filter>
    </ClInclude>
    <ClInclude Include="Help.h">
      <Filter>头文件\Help</Filter>
    </ClInclude>
    <ClInclude Include="FolderCheck.h">
      <Filter>头文件\Tools</Filter>
    </ClInclude>
    <ClInclude Include="resource.h">
      <Filter>头文件</Filter>
    </ClInclude>
    <ClInclude Include="FileCheck.h">
      <Filter>头文件\Tools</Filter>
    </ClInclude>
    <ClInclude Include="FileFind.h">
      <Filter>头文件\Tools</Filter>
    </ClInclude>
    <ClInclude Include="HomePage.h">
      <Filter>头文件\Page</Filter>
    </ClInclude>
    <ClInclude Include="Initialization.h">
      <Filter>头文件\Tools</Filter>
    </ClInclude>
    <ClInclude Include="FilesFoldersPosition.h">
      <Filter>头文件\Tools</Filter>
    </ClInclude>
    <ClInclude Include="getTime.h">
      <Filter>头文件\Tools</Filter>
    </ClInclude>
    <ClInclude Include="OutputLog.h">
      <Filter>头文件\LambdaExpression</Filter>
    </ClInclude>
  </ItemGroup>
  <ItemGroup>
    <ResourceCompile Include="PlainCraftServerManagementTerminal.rc">
      <Filter>资源文件</Filter>
    </ResourceCompile>
  </ItemGroup>
  <ItemGroup>
    <Image Include="PCSMT.ico">
      <Filter>资源文件</Filter>
    </Image>
  </ItemGroup>
</Project>